{
  "object": {
    "pins": [
      {
        "package": "GameKitUI",
        "repositoryURL": "https://github.com/SwiftPackageRepository/GameKitUI.swift",
        "state": {
          "branch": null,
          "revision": "8152fa267503d58232c4c7109e910a9863e678ca",
          "version": "0.5.0"
        }
      }
    ]
  },
  "version": 1
}
